// !$*UTF8*$!
{
	archiveVersion = 1;
	classes = {
	};
	objectVersion = 46;
	objects = {

/* Begin PBXBuildFile section */
		3B5471E853441DE6198A15AF /* Pods_CPEGradeBookCalPoly.framework in Frameworks */ = {isa = PBXBuildFile; fileRef = 3AEAAE2AC284EFCE82CEC00A /* Pods_CPEGradeBookCalPoly.framework */; };
		A21FA3B91C862A46008BF83F /* Section.swift in Sources */ = {isa = PBXBuildFile; fileRef = A21FA3B81C862A46008BF83F /* Section.swift */; };
		A21FA3BB1C862A54008BF83F /* Enrollments.swift in Sources */ = {isa = PBXBuildFile; fileRef = A21FA3BA1C862A54008BF83F /* Enrollments.swift */; };
		A21FA3BD1C862A69008BF83F /* UserScores.swift in Sources */ = {isa = PBXBuildFile; fileRef = A21FA3BC1C862A69008BF83F /* UserScores.swift */; };
		A21FA3BF1C862A75008BF83F /* AssignmentStatistics.swift in Sources */ = {isa = PBXBuildFile; fileRef = A21FA3BE1C862A75008BF83F /* AssignmentStatistics.swift */; };
		A22D10FD1C8A919A009A0B87 /* GradebookURLLoader.m in Sources */ = {isa = PBXBuildFile; fileRef = A22D10FA1C8A919A009A0B87 /* GradebookURLLoader.m */; };
		A22D10FE1C8A919A009A0B87 /* NSString+Base64Encoding.m in Sources */ = {isa = PBXBuildFile; fileRef = A22D10FC1C8A919A009A0B87 /* NSString+Base64Encoding.m */; };
		A285D5281C84127C00D1E9E2 /* GradeController.swift in Sources */ = {isa = PBXBuildFile; fileRef = A285D5271C84127C00D1E9E2 /* GradeController.swift */; };
		A285D52A1C8412F400D1E9E2 /* SettingsController.swift in Sources */ = {isa = PBXBuildFile; fileRef = A285D5291C8412F400D1E9E2 /* SettingsController.swift */; };
		A285D52E1C842E4200D1E9E2 /* GradeCell.swift in Sources */ = {isa = PBXBuildFile; fileRef = A285D52D1C842E4200D1E9E2 /* GradeCell.swift */; };
		A285D5301C842E8400D1E9E2 /* SettingsCell.swift in Sources */ = {isa = PBXBuildFile; fileRef = A285D52F1C842E8400D1E9E2 /* SettingsCell.swift */; };
		A285D53D1C84F17700D1E9E2 /* SignInViewController.swift in Sources */ = {isa = PBXBuildFile; fileRef = A285D53C1C84F17700D1E9E2 /* SignInViewController.swift */; };
		A2BBE2231C7D587600463F2C /* AppDelegate.swift in Sources */ = {isa = PBXBuildFile; fileRef = A2BBE2221C7D587600463F2C /* AppDelegate.swift */; };
		A2BBE22B1C7D587600463F2C /* CPEGradeBookCalPoly.xcdatamodeld in Sources */ = {isa = PBXBuildFile; fileRef = A2BBE2291C7D587600463F2C /* CPEGradeBookCalPoly.xcdatamodeld */; };
		A2BBE22D1C7D587600463F2C /* Assets.xcassets in Resources */ = {isa = PBXBuildFile; fileRef = A2BBE22C1C7D587600463F2C /* Assets.xcassets */; };
		A2C61AFA1C86A69B00612D54 /* Main.storyboard in Resources */ = {isa = PBXBuildFile; fileRef = A2C61AF81C86A69B00612D54 /* Main.storyboard */; };
		A2C61B001C88075100612D54 /* AboutViewController.swift in Sources */ = {isa = PBXBuildFile; fileRef = A2C61AFF1C88075100612D54 /* AboutViewController.swift */; };
		A2F5E6A91C7D6C4800611734 /* LaunchScreen.storyboard in Resources */ = {isa = PBXBuildFile; fileRef = A2F5E6A71C7D6C4800611734 /* LaunchScreen.storyboard */; };
/* End PBXBuildFile section */

/* Begin PBXFileReference section */
		3AEAAE2AC284EFCE82CEC00A /* Pods_CPEGradeBookCalPoly.framework */ = {isa = PBXFileReference; explicitFileType = wrapper.framework; includeInIndex = 0; path = Pods_CPEGradeBookCalPoly.framework; sourceTree = BUILT_PRODUCTS_DIR; };
		6CCDA5BD50A5652BB7DDD604 /* Pods-CPEGradeBookCalPoly.release.xcconfig */ = {isa = PBXFileReference; includeInIndex = 1; lastKnownFileType = text.xcconfig; name = "Pods-CPEGradeBookCalPoly.release.xcconfig"; path = "Pods/Target Support Files/Pods-CPEGradeBookCalPoly/Pods-CPEGradeBookCalPoly.release.xcconfig"; sourceTree = "<group>"; };
		A21FA3B81C862A46008BF83F /* Section.swift */ = {isa = PBXFileReference; fileEncoding = 4; lastKnownFileType = sourcecode.swift; path = Section.swift; sourceTree = "<group>"; };
		A21FA3BA1C862A54008BF83F /* Enrollments.swift */ = {isa = PBXFileReference; fileEncoding = 4; lastKnownFileType = sourcecode.swift; path = Enrollments.swift; sourceTree = "<group>"; };
		A21FA3BC1C862A69008BF83F /* UserScores.swift */ = {isa = PBXFileReference; fileEncoding = 4; lastKnownFileType = sourcecode.swift; path = UserScores.swift; sourceTree = "<group>"; };
		A21FA3BE1C862A75008BF83F /* AssignmentStatistics.swift */ = {isa = PBXFileReference; fileEncoding = 4; lastKnownFileType = sourcecode.swift; path = AssignmentStatistics.swift; sourceTree = "<group>"; };
		A22D10F71C8A9199009A0B87 /* CPEGradeBookCalPoly-Bridging-Header.h */ = {isa = PBXFileReference; lastKnownFileType = sourcecode.c.h; path = "CPEGradeBookCalPoly-Bridging-Header.h"; sourceTree = "<group>"; };
		A22D10F81C8A919A009A0B87 /* GradebookExample-Bridging-Header.h */ = {isa = PBXFileReference; fileEncoding = 4; lastKnownFileType = sourcecode.c.h; path = "GradebookExample-Bridging-Header.h"; sourceTree = "<group>"; };
		A22D10F91C8A919A009A0B87 /* GradebookURLLoader.h */ = {isa = PBXFileReference; fileEncoding = 4; lastKnownFileType = sourcecode.c.h; path = GradebookURLLoader.h; sourceTree = "<group>"; };
		A22D10FA1C8A919A009A0B87 /* GradebookURLLoader.m */ = {isa = PBXFileReference; fileEncoding = 4; lastKnownFileType = sourcecode.c.objc; path = GradebookURLLoader.m; sourceTree = "<group>"; };
		A22D10FB1C8A919A009A0B87 /* NSString+Base64Encoding.h */ = {isa = PBXFileReference; fileEncoding = 4; lastKnownFileType = sourcecode.c.h; path = "NSString+Base64Encoding.h"; sourceTree = "<group>"; };
		A22D10FC1C8A919A009A0B87 /* NSString+Base64Encoding.m */ = {isa = PBXFileReference; fileEncoding = 4; lastKnownFileType = sourcecode.c.objc; path = "NSString+Base64Encoding.m"; sourceTree = "<group>"; };
		A285D5271C84127C00D1E9E2 /* GradeController.swift */ = {isa = PBXFileReference; fileEncoding = 4; lastKnownFileType = sourcecode.swift; path = GradeController.swift; sourceTree = "<group>"; };
		A285D5291C8412F400D1E9E2 /* SettingsController.swift */ = {isa = PBXFileReference; fileEncoding = 4; lastKnownFileType = sourcecode.swift; path = SettingsController.swift; sourceTree = "<group>"; };
		A285D52D1C842E4200D1E9E2 /* GradeCell.swift */ = {isa = PBXFileReference; fileEncoding = 4; lastKnownFileType = sourcecode.swift; path = GradeCell.swift; sourceTree = "<group>"; };
		A285D52F1C842E8400D1E9E2 /* SettingsCell.swift */ = {isa = PBXFileReference; fileEncoding = 4; lastKnownFileType = sourcecode.swift; path = SettingsCell.swift; sourceTree = "<group>"; };
		A285D53C1C84F17700D1E9E2 /* SignInViewController.swift */ = {isa = PBXFileReference; fileEncoding = 4; lastKnownFileType = sourcecode.swift; path = SignInViewController.swift; sourceTree = "<group>"; };
		A2BBE21F1C7D587600463F2C /* CPEGradeBookCalPoly.app */ = {isa = PBXFileReference; explicitFileType = wrapper.application; includeInIndex = 0; path = CPEGradeBookCalPoly.app; sourceTree = BUILT_PRODUCTS_DIR; };
		A2BBE2221C7D587600463F2C /* AppDelegate.swift */ = {isa = PBXFileReference; lastKnownFileType = sourcecode.swift; path = AppDelegate.swift; sourceTree = "<group>"; };
		A2BBE22A1C7D587600463F2C /* CPEGradeBookCalPoly.xcdatamodel */ = {isa = PBXFileReference; lastKnownFileType = wrapper.xcdatamodel; path = CPEGradeBookCalPoly.xcdatamodel; sourceTree = "<group>"; };
		A2BBE22C1C7D587600463F2C /* Assets.xcassets */ = {isa = PBXFileReference; lastKnownFileType = folder.assetcatalog; path = Assets.xcassets; sourceTree = "<group>"; };
		A2BBE2311C7D587600463F2C /* Info.plist */ = {isa = PBXFileReference; lastKnownFileType = text.plist.xml; path = Info.plist; sourceTree = "<group>"; };
		A2C61AF91C86A69B00612D54 /* Base */ = {isa = PBXFileReference; lastKnownFileType = file.storyboard; name = Base; path = Base.lproj/Main.storyboard; sourceTree = "<group>"; };
		A2C61AFF1C88075100612D54 /* AboutViewController.swift */ = {isa = PBXFileReference; fileEncoding = 4; lastKnownFileType = sourcecode.swift; path = AboutViewController.swift; sourceTree = "<group>"; };
		A2F5E6A81C7D6C4800611734 /* Base */ = {isa = PBXFileReference; lastKnownFileType = file.storyboard; name = Base; path = Base.lproj/LaunchScreen.storyboard; sourceTree = "<group>"; };
		E1EFA8CF748163508876F5B9 /* Pods-CPEGradeBookCalPoly.debug.xcconfig */ = {isa = PBXFileReference; includeInIndex = 1; lastKnownFileType = text.xcconfig; name = "Pods-CPEGradeBookCalPoly.debug.xcconfig"; path = "Pods/Target Support Files/Pods-CPEGradeBookCalPoly/Pods-CPEGradeBookCalPoly.debug.xcconfig"; sourceTree = "<group>"; };
/* End PBXFileReference section */

/* Begin PBXFrameworksBuildPhase section */
		A2BBE21C1C7D587600463F2C /* Frameworks */ = {
			isa = PBXFrameworksBuildPhase;
			buildActionMask = 2147483647;
			files = (
				3B5471E853441DE6198A15AF /* Pods_CPEGradeBookCalPoly.framework in Frameworks */,
			);
			runOnlyForDeploymentPostprocessing = 0;
		};
/* End PBXFrameworksBuildPhase section */

/* Begin PBXGroup section */
		623CD771155D07BFC668E08F /* Pods */ = {
			isa = PBXGroup;
			children = (
				E1EFA8CF748163508876F5B9 /* Pods-CPEGradeBookCalPoly.debug.xcconfig */,
				6CCDA5BD50A5652BB7DDD604 /* Pods-CPEGradeBookCalPoly.release.xcconfig */,
			);
			name = Pods;
			sourceTree = "<group>";
		};
		A0AB277D1255A69066340687 /* Frameworks */ = {
			isa = PBXGroup;
			children = (
				3AEAAE2AC284EFCE82CEC00A /* Pods_CPEGradeBookCalPoly.framework */,
			);
			name = Frameworks;
			sourceTree = "<group>";
		};
		A22D10F61C8A9188009A0B87 /* Supporting Files */ = {
			isa = PBXGroup;
			children = (
				A22D10F81C8A919A009A0B87 /* GradebookExample-Bridging-Header.h */,
				A22D10F91C8A919A009A0B87 /* GradebookURLLoader.h */,
				A22D10FA1C8A919A009A0B87 /* GradebookURLLoader.m */,
				A22D10FB1C8A919A009A0B87 /* NSString+Base64Encoding.h */,
				A22D10FC1C8A919A009A0B87 /* NSString+Base64Encoding.m */,
				A22D10F71C8A9199009A0B87 /* CPEGradeBookCalPoly-Bridging-Header.h */,
			);
			name = "Supporting Files";
			sourceTree = "<group>";
		};
		A2BBE2161C7D587600463F2C = {
			isa = PBXGroup;
			children = (
				A2BBE2211C7D587600463F2C /* CPEGradeBookCalPoly */,
				A2BBE2201C7D587600463F2C /* Products */,
				623CD771155D07BFC668E08F /* Pods */,
				A0AB277D1255A69066340687 /* Frameworks */,
			);
			sourceTree = "<group>";
		};
		A2BBE2201C7D587600463F2C /* Products */ = {
			isa = PBXGroup;
			children = (
				A2BBE21F1C7D587600463F2C /* CPEGradeBookCalPoly.app */,
			);
			name = Products;
			sourceTree = "<group>";
		};
		A2BBE2211C7D587600463F2C /* CPEGradeBookCalPoly */ = {
			isa = PBXGroup;
			children = (
				A22D10F61C8A9188009A0B87 /* Supporting Files */,
				A2BBE2221C7D587600463F2C /* AppDelegate.swift */,
				A2F5E6AD1C7D75A400611734 /* Model */,
				A2F5E6AC1C7D759A00611734 /* Controllers */,
				A2F5E6AE1C7D75AC00611734 /* Views */,
				A2BBE22C1C7D587600463F2C /* Assets.xcassets */,
				A2BBE2311C7D587600463F2C /* Info.plist */,
				A2BBE2291C7D587600463F2C /* CPEGradeBookCalPoly.xcdatamodeld */,
			);
			path = CPEGradeBookCalPoly;
			sourceTree = "<group>";
		};
		A2F5E6AC1C7D759A00611734 /* Controllers */ = {
			isa = PBXGroup;
			children = (
				A285D5271C84127C00D1E9E2 /* GradeController.swift */,
				A285D5291C8412F400D1E9E2 /* SettingsController.swift */,
				A285D53C1C84F17700D1E9E2 /* SignInViewController.swift */,
				A2C61AFF1C88075100612D54 /* AboutViewController.swift */,
			);
			name = Controllers;
			sourceTree = "<group>";
		};
		A2F5E6AD1C7D75A400611734 /* Model */ = {
			isa = PBXGroup;
			children = (
				A21FA3B81C862A46008BF83F /* Section.swift */,
				A21FA3BA1C862A54008BF83F /* Enrollments.swift */,
				A21FA3BC1C862A69008BF83F /* UserScores.swift */,
				A21FA3BE1C862A75008BF83F /* AssignmentStatistics.swift */,
			);
			name = Model;
			sourceTree = "<group>";
		};
		A2F5E6AE1C7D75AC00611734 /* Views */ = {
			isa = PBXGroup;
			children = (
				A2F5E6A71C7D6C4800611734 /* LaunchScreen.storyboard */,
				A2C61AF81C86A69B00612D54 /* Main.storyboard */,
				A285D52D1C842E4200D1E9E2 /* GradeCell.swift */,
				A285D52F1C842E8400D1E9E2 /* SettingsCell.swift */,
			);
			name = Views;
			sourceTree = "<group>";
		};
/* End PBXGroup section */

/* Begin PBXNativeTarget section */
		A2BBE21E1C7D587600463F2C /* CPEGradeBookCalPoly */ = {
			isa = PBXNativeTarget;
			buildConfigurationList = A2BBE2341C7D587600463F2C /* Build configuration list for PBXNativeTarget "CPEGradeBookCalPoly" */;
			buildPhases = (
				C69D2D30B1551F6FA29CF4A7 /* Check Pods Manifest.lock */,
				A2BBE21B1C7D587600463F2C /* Sources */,
				A2BBE21C1C7D587600463F2C /* Frameworks */,
				A2BBE21D1C7D587600463F2C /* Resources */,
				FDDAABBC82C3C9B52BFF811F /* Embed Pods Frameworks */,
				E4B5244687792E2F4D4D943C /* Copy Pods Resources */,
			);
			buildRules = (
			);
			dependencies = (
			);
			name = CPEGradeBookCalPoly;
			productName = CPEGradeBookCalPoly;
			productReference = A2BBE21F1C7D587600463F2C /* CPEGradeBookCalPoly.app */;
			productType = "com.apple.product-type.application";
		};
/* End PBXNativeTarget section */

/* Begin PBXProject section */
		A2BBE2171C7D587600463F2C /* Project object */ = {
			isa = PBXProject;
			attributes = {
				LastSwiftUpdateCheck = 0720;
				LastUpgradeCheck = 0720;
				ORGANIZATIONNAME = "Oktay Gardener";
				TargetAttributes = {
					A2BBE21E1C7D587600463F2C = {
						CreatedOnToolsVersion = 7.2.1;
						DevelopmentTeam = U9VDVA67NW;
					};
				};
			};
			buildConfigurationList = A2BBE21A1C7D587600463F2C /* Build configuration list for PBXProject "CPEGradeBookCalPoly" */;
			compatibilityVersion = "Xcode 3.2";
			developmentRegion = English;
			hasScannedForEncodings = 0;
			knownRegions = (
				en,
				Base,
			);
			mainGroup = A2BBE2161C7D587600463F2C;
			productRefGroup = A2BBE2201C7D587600463F2C /* Products */;
			projectDirPath = "";
			projectRoot = "";
			targets = (
				A2BBE21E1C7D587600463F2C /* CPEGradeBookCalPoly */,
			);
		};
/* End PBXProject section */

/* Begin PBXResourcesBuildPhase section */
		A2BBE21D1C7D587600463F2C /* Resources */ = {
			isa = PBXResourcesBuildPhase;
			buildActionMask = 2147483647;
			files = (
				A2C61AFA1C86A69B00612D54 /* Main.storyboard in Resources */,
				A2F5E6A91C7D6C4800611734 /* LaunchScreen.storyboard in Resources */,
				A2BBE22D1C7D587600463F2C /* Assets.xcassets in Resources */,
			);
			runOnlyForDeploymentPostprocessing = 0;
		};
/* End PBXResourcesBuildPhase section */

/* Begin PBXShellScriptBuildPhase section */
		C69D2D30B1551F6FA29CF4A7 /* Check Pods Manifest.lock */ = {
			isa = PBXShellScriptBuildPhase;
			buildActionMask = 2147483647;
			files = (
			);
			inputPaths = (
			);
			name = "Check Pods Manifest.lock";
			outputPaths = (
			);
			runOnlyForDeploymentPostprocessing = 0;
			shellPath = /bin/sh;
			shellScript = "diff \"${PODS_ROOT}/../Podfile.lock\" \"${PODS_ROOT}/Manifest.lock\" > /dev/null\nif [[ $? != 0 ]] ; then\n    cat << EOM\nerror: The sandbox is not in sync with the Podfile.lock. Run 'pod install' or update your CocoaPods installation.\nEOM\n    exit 1\nfi\n";
			showEnvVarsInLog = 0;
		};
		E4B5244687792E2F4D4D943C /* Copy Pods Resources */ = {
			isa = PBXShellScriptBuildPhase;
			buildActionMask = 2147483647;
			files = (
			);
			inputPaths = (
			);
			name = "Copy Pods Resources";
			outputPaths = (
			);
			runOnlyForDeploymentPostprocessing = 0;
			shellPath = /bin/sh;
			shellScript = "\"${SRCROOT}/Pods/Target Support Files/Pods-CPEGradeBookCalPoly/Pods-CPEGradeBookCalPoly-resources.sh\"\n";
			showEnvVarsInLog = 0;
		};
		FDDAABBC82C3C9B52BFF811F /* Embed Pods Frameworks */ = {
			isa = PBXShellScriptBuildPhase;
			buildActionMask = 2147483647;
			files = (
			);
			inputPaths = (
			);
			name = "Embed Pods Frameworks";
			outputPaths = (
			);
			runOnlyForDeploymentPostprocessing = 0;
			shellPath = /bin/sh;
			shellScript = "\"${SRCROOT}/Pods/Target Support Files/Pods-CPEGradeBookCalPoly/Pods-CPEGradeBookCalPoly-frameworks.sh\"\n";
			showEnvVarsInLog = 0;
		};
/* End PBXShellScriptBuildPhase section */

/* Begin PBXSourcesBuildPhase section */
		A2BBE21B1C7D587600463F2C /* Sources */ = {
			isa = PBXSourcesBuildPhase;
			buildActionMask = 2147483647;
			files = (
				A2BBE22B1C7D587600463F2C /* CPEGradeBookCalPoly.xcdatamodeld in Sources */,
				A22D10FE1C8A919A009A0B87 /* NSString+Base64Encoding.m in Sources */,
				A285D5281C84127C00D1E9E2 /* GradeController.swift in Sources */,
				A285D52A1C8412F400D1E9E2 /* SettingsController.swift in Sources */,
				A285D52E1C842E4200D1E9E2 /* GradeCell.swift in Sources */,
				A21FA3B91C862A46008BF83F /* Section.swift in Sources */,
				A22D10FD1C8A919A009A0B87 /* GradebookURLLoader.m in Sources */,
				A21FA3BB1C862A54008BF83F /* Enrollments.swift in Sources */,
				A2C61B001C88075100612D54 /* AboutViewController.swift in Sources */,
				A285D5301C842E8400D1E9E2 /* SettingsCell.swift in Sources */,
				A2BBE2231C7D587600463F2C /* AppDelegate.swift in Sources */,
				A21FA3BD1C862A69008BF83F /* UserScores.swift in Sources */,
				A21FA3BF1C862A75008BF83F /* AssignmentStatistics.swift in Sources */,
				A285D53D1C84F17700D1E9E2 /* SignInViewController.swift in Sources */,
			);
			runOnlyForDeploymentPostprocessing = 0;
		};
/* End PBXSourcesBuildPhase section */

/* Begin PBXVariantGroup section */
		A2C61AF81C86A69B00612D54 /* Main.storyboard */ = {
			isa = PBXVariantGroup;
			children = (
				A2C61AF91C86A69B00612D54 /* Base */,
			);
			name = Main.storyboard;
			sourceTree = "<group>";
		};
		A2F5E6A71C7D6C4800611734 /* LaunchScreen.storyboard */ = {
			isa = PBXVariantGroup;
			children = (
				A2F5E6A81C7D6C4800611734 /* Base */,
			);
			name = LaunchScreen.storyboard;
			sourceTree = "<group>";
		};
/* End PBXVariantGroup section */

/* Begin XCBuildConfiguration section */
		A2BBE2321C7D587600463F2C /* Debug */ = {
			isa = XCBuildConfiguration;
			buildSettings = {
				ALWAYS_SEARCH_USER_PATHS = NO;
				CLANG_CXX_LANGUAGE_STANDARD = "gnu++0x";
				CLANG_CXX_LIBRARY = "libc++";
				CLANG_ENABLE_MODULES = YES;
				CLANG_ENABLE_OBJC_ARC = YES;
				CLANG_WARN_BOOL_CONVERSION = YES;
				CLANG_WARN_CONSTANT_CONVERSION = YES;
				CLANG_WARN_DIRECT_OBJC_ISA_USAGE = YES_ERROR;
				CLANG_WARN_EMPTY_BODY = YES;
				CLANG_WARN_ENUM_CONVERSION = YES;
				CLANG_WARN_INT_CONVERSION = YES;
				CLANG_WARN_OBJC_ROOT_CLASS = YES_ERROR;
				CLANG_WARN_UNREACHABLE_CODE = YES;
				CLANG_WARN__DUPLICATE_METHOD_MATCH = YES;
				"CODE_SIGN_IDENTITY[sdk=iphoneos*]" = "iPhone Developer";
				COPY_PHASE_STRIP = NO;
				DEBUG_INFORMATION_FORMAT = dwarf;
				ENABLE_STRICT_OBJC_MSGSEND = YES;
				ENABLE_TESTABILITY = YES;
				GCC_C_LANGUAGE_STANDARD = gnu99;
				GCC_DYNAMIC_NO_PIC = NO;
				GCC_NO_COMMON_BLOCKS = YES;
				GCC_OPTIMIZATION_LEVEL = 0;
				GCC_PREPROCESSOR_DEFINITIONS = (
					"DEBUG=1",
					"$(inherited)",
				);
				GCC_WARN_64_TO_32_BIT_CONVERSION = YES;
				GCC_WARN_ABOUT_RETURN_TYPE = YES_ERROR;
				GCC_WARN_UNDECLARED_SELECTOR = YES;
				GCC_WARN_UNINITIALIZED_AUTOS = YES_AGGRESSIVE;
				GCC_WARN_UNUSED_FUNCTION = YES;
				GCC_WARN_UNUSED_VARIABLE = YES;
				IPHONEOS_DEPLOYMENT_TARGET = 9.2;
				MTL_ENABLE_DEBUG_INFO = YES;
				ONLY_ACTIVE_ARCH = YES;
				SDKROOT = iphoneos;
				SWIFT_OPTIMIZATION_LEVEL = "-Onone";
				TARGETED_DEVICE_FAMILY = "1,2";
			};
			name = Debug;
		};
		A2BBE2331C7D587600463F2C /* Release */ = {
			isa = XCBuildConfiguration;
			buildSettings = {
				ALWAYS_SEARCH_USER_PATHS = NO;
				CLANG_CXX_LANGUAGE_STANDARD = "gnu++0x";
				CLANG_CXX_LIBRARY = "libc++";
				CLANG_ENABLE_MODULES = YES;
				CLANG_ENABLE_OBJC_ARC = YES;
				CLANG_WARN_BOOL_CONVERSION = YES;
				CLANG_WARN_CONSTANT_CONVERSION = YES;
				CLANG_WARN_DIRECT_OBJC_ISA_USAGE = YES_ERROR;
				CLANG_WARN_EMPTY_BODY = YES;
				CLANG_WARN_ENUM_CONVERSION = YES;
				CLANG_WARN_INT_CONVERSION = YES;
				CLANG_WARN_OBJC_ROOT_CLASS = YES_ERROR;
				CLANG_WARN_UNREACHABLE_CODE = YES;
				CLANG_WARN__DUPLICATE_METHOD_MATCH = YES;
				"CODE_SIGN_IDENTITY[sdk=iphoneos*]" = "iPhone Developer";
				COPY_PHASE_STRIP = NO;
				DEBUG_INFORMATION_FORMAT = "dwarf-with-dsym";
				ENABLE_NS_ASSERTIONS = NO;
				ENABLE_STRICT_OBJC_MSGSEND = YES;
				GCC_C_LANGUAGE_STANDARD = gnu99;
				GCC_NO_COMMON_BLOCKS = YES;
				GCC_WARN_64_TO_32_BIT_CONVERSION = YES;
				GCC_WARN_ABOUT_RETURN_TYPE = YES_ERROR;
				GCC_WARN_UNDECLARED_SELECTOR = YES;
				GCC_WARN_UNINITIALIZED_AUTOS = YES_AGGRESSIVE;
				GCC_WARN_UNUSED_FUNCTION = YES;
				GCC_WARN_UNUSED_VARIABLE = YES;
				IPHONEOS_DEPLOYMENT_TARGET = 9.2;
				MTL_ENABLE_DEBUG_INFO = NO;
				SDKROOT = iphoneos;
				TARGETED_DEVICE_FAMILY = "1,2";
				VALIDATE_PRODUCT = YES;
			};
			name = Release;
		};
		A2BBE2351C7D587600463F2C /* Debug */ = {
			isa = XCBuildConfiguration;
			baseConfigurationReference = E1EFA8CF748163508876F5B9 /* Pods-CPEGradeBookCalPoly.debug.xcconfig */;
			buildSettings = {
				ASSETCATALOG_COMPILER_APPICON_NAME = AppIcon;
				CLANG_ENABLE_MODULES = YES;
				INFOPLIST_FILE = CPEGradeBookCalPoly/Info.plist;
				LD_RUNPATH_SEARCH_PATHS = "$(inherited) @executable_path/Frameworks";
				PRODUCT_BUNDLE_IDENTIFIER = professoroak.CPEGradeBookCalPoly;
				PRODUCT_NAME = "$(TARGET_NAME)";
				SWIFT_OBJC_BRIDGING_HEADER = "CPEGradeBookCalPoly/GradebookExample-Bridging-Header.h";
				SWIFT_OPTIMIZATION_LEVEL = "-Onone";
			};
			name = Debug;
		};
		A2BBE2361C7D587600463F2C /* Release */ = {
			isa = XCBuildConfiguration;
			baseConfigurationReference = 6CCDA5BD50A5652BB7DDD604 /* Pods-CPEGradeBookCalPoly.release.xcconfig */;
			buildSettings = {
				ASSETCATALOG_COMPILER_APPICON_NAME = AppIcon;
				CLANG_ENABLE_MODULES = YES;
				INFOPLIST_FILE = CPEGradeBookCalPoly/Info.plist;
				LD_RUNPATH_SEARCH_PATHS = "$(inherited) @executable_path/Frameworks";
				PRODUCT_BUNDLE_IDENTIFIER = professoroak.CPEGradeBookCalPoly;
				PRODUCT_NAME = "$(TARGET_NAME)";
				SWIFT_OBJC_BRIDGING_HEADER = "CPEGradeBookCalPoly/GradebookExample-Bridging-Header.h";
			};
			name = Release;
		};
/* End XCBuildConfiguration section */

/* Begin XCConfigurationList section */
		A2BBE21A1C7D587600463F2C /* Build configuration list for PBXProject "CPEGradeBookCalPoly" */ = {
			isa = XCConfigurationList;
			buildConfigurations = (
				A2BBE2321C7D587600463F2C /* Debug */,
				A2BBE2331C7D587600463F2C /* Release */,
			);
			defaultConfigurationIsVisible = 0;
			defaultConfigurationName = Release;
		};
		A2BBE2341C7D587600463F2C /* Build configuration list for PBXNativeTarget "CPEGradeBookCalPoly" */ = {
			isa = XCConfigurationList;
			buildConfigurations = (
				A2BBE2351C7D587600463F2C /* Debug */,
				A2BBE2361C7D587600463F2C /* Release */,
			);
			defaultConfigurationIsVisible = 0;
			defaultConfigurationName = Release;
		};
/* End XCConfigurationList section */

/* Begin XCVersionGroup section */
		A2BBE2291C7D587600463F2C /* CPEGradeBookCalPoly.xcdatamodeld */ = {
			isa = XCVersionGroup;
			children = (
				A2BBE22A1C7D587600463F2C /* CPEGradeBookCalPoly.xcdatamodel */,
			);
			currentVersion = A2BBE22A1C7D587600463F2C /* CPEGradeBookCalPoly.xcdatamodel */;
			path = CPEGradeBookCalPoly.xcdatamodeld;
			sourceTree = "<group>";
			versionGroupType = wrapper.xcdatamodel;
		};
/* End XCVersionGroup section */
	};
	rootObject = A2BBE2171C7D587600463F2C /* Project object */;
}
